{
  "name": "dustyschool-6.1-rainbowflower",
  "version": "1.0.0",
  "lockfileVersion": 1,
  "requires": true,
  "dependencies": {
    "@eastdesire/jscolor": {
      "version": "2.5.2",
      "resolved": "https://registry.npmjs.org/@eastdesire/jscolor/-/jscolor-2.5.2.tgz",
      "integrity": "sha512-WPldVg9Z0tXDOROpbeLslv0Uj/CPgou+6GVMPZs2T+nKOkeBHYVZNfugixBhGzYWKWUumTzmTkLgnCVWlNwl2w=="
    }
  }
}
